
Microsoft Visual Studio Solution File, Format Version 12.00
# Visual Studio Version 16
VisualStudioVersion = 16.0.32228.343
MinimumVisualStudioVersion = 10.0.40219.1
Project("{FAE04EC0-301F-11D3-BF4B-00C04F79EFBC}") = "FivePD Someone Shooting Fireworks", "FivePD Someone Shooting Fireworks\FivePD Someone Shooting Fireworks.csproj", "{6714999B-3BC5-40A3-84DA-7785C943F74F}"
EndProject
Global
	GlobalSection(SolutionConfigurationPlatforms) = preSolution
		Debug|Any CPU = Debug|Any CPU
		Release|Any CPU = Release|Any CPU
	EndGlobalSection
	GlobalSection(ProjectConfigurationPlatforms) = postSolution
		{6714999B-3BC5-40A3-84DA-7785C943F74F}.Debug|Any CPU.ActiveCfg = Debug|Any CPU
		{6714999B-3BC5-40A3-84DA-7785C943F74F}.Debug|Any CPU.Build.0 = Debug|Any CPU
		{6714999B-3BC5-40A3-84DA-7785C943F74F}.Release|Any CPU.ActiveCfg = Release|Any CPU
		{6714999B-3BC5-40A3-84DA-7785C943F74F}.Release|Any CPU.Build.0 = Release|Any CPU
	EndGlobalSection
	GlobalSection(SolutionProperties) = preSolution
		HideSolutionNode = FALSE
	EndGlobalSection
	GlobalSection(ExtensibilityGlobals) = postSolution
		SolutionGuid = {488FDFAF-5EB3-49C9-925A-5233E3AD59A2}
	EndGlobalSection
EndGlobal
